{
  "requires": true,
  "lockfileVersion": 1,
  "dependencies": {
    "vue": {
      "version": "2.6.11",
      "resolved": "https://registry.npmjs.org/vue/-/vue-2.6.11.tgz",
      "integrity": "sha512-VfPwgcGABbGAue9+sfrD4PuwFar7gPb1yl1UK1MwXoQPAw0BKSqWfoYCT/ThFrdEVWoI51dBuyCoiNU9bZDZxQ=="
    },
    "vuetify": {
      "version": "2.2.26",
      "resolved": "https://registry.npmjs.org/vuetify/-/vuetify-2.2.26.tgz",
      "integrity": "sha512-B/aOV9wgO2xOV2zcEZ+LGyxfw5hArbAj3uxNQcEYd8rbQyt/Rw5dHfiUd8af68QA+KUPB+9cs7jzFAx4Ku6Wkg=="
    }
  }
}
